
Microsoft Visual Studio Solution File, Format Version 12.00
# Visual Studio Version 17
VisualStudioVersion = 17.6.33723.286
MinimumVisualStudioVersion = 10.0.40219.1
Project("{9092AA53-FB77-4645-B42D-1CCCA6BD08BD}") = "test build", "test build.njsproj", "{38C25236-BDFD-4DD6-AA08-CDF96308F211}"
EndProject
Global
	GlobalSection(SolutionConfigurationPlatforms) = preSolution
		Debug|Any CPU = Debug|Any CPU
		Release|Any CPU = Release|Any CPU
	EndGlobalSection
	GlobalSection(ProjectConfigurationPlatforms) = postSolution
		{38C25236-BDFD-4DD6-AA08-CDF96308F211}.Debug|Any CPU.ActiveCfg = Debug|Any CPU
		{38C25236-BDFD-4DD6-AA08-CDF96308F211}.Debug|Any CPU.Build.0 = Debug|Any CPU
		{38C25236-BDFD-4DD6-AA08-CDF96308F211}.Release|Any CPU.ActiveCfg = Release|Any CPU
		{38C25236-BDFD-4DD6-AA08-CDF96308F211}.Release|Any CPU.Build.0 = Release|Any CPU
	EndGlobalSection
	GlobalSection(SolutionProperties) = preSolution
		HideSolutionNode = FALSE
	EndGlobalSection
	GlobalSection(ExtensibilityGlobals) = postSolution
		SolutionGuid = {57FBA2B2-418A-4EE9-BDF7-9D0E359D9DF0}
	EndGlobalSection
EndGlobal
